
Microsoft Visual Studio Solution File, Format Version 12.00
# Visual Studio 15
VisualStudioVersion = 15.0.27130.2036
MinimumVisualStudioVersion = 10.0.40219.1
Project("{FAE04EC0-301F-11D3-BF4B-00C04F79EFBC}") = "GameLogicTests", "GameLogicTests\GameLogicTests.csproj", "{6C5649C6-D9BC-4DAF-B321-7DB03F888C21}"
EndProject
Global
	GlobalSection(SolutionConfigurationPlatforms) = preSolution
		Debug|Any CPU = Debug|Any CPU
		Release|Any CPU = Release|Any CPU
	EndGlobalSection
	GlobalSection(ProjectConfigurationPlatforms) = postSolution
		{6C5649C6-D9BC-4DAF-B321-7DB03F888C21}.Debug|Any CPU.ActiveCfg = Debug|Any CPU
		{6C5649C6-D9BC-4DAF-B321-7DB03F888C21}.Debug|Any CPU.Build.0 = Debug|Any CPU
		{6C5649C6-D9BC-4DAF-B321-7DB03F888C21}.Release|Any CPU.ActiveCfg = Release|Any CPU
		{6C5649C6-D9BC-4DAF-B321-7DB03F888C21}.Release|Any CPU.Build.0 = Release|Any CPU
	EndGlobalSection
	GlobalSection(SolutionProperties) = preSolution
		HideSolutionNode = FALSE
	EndGlobalSection
	GlobalSection(ExtensibilityGlobals) = postSolution
		SolutionGuid = {6170630B-C8D6-4FC1-975F-27DB75EA5251}
	EndGlobalSection
EndGlobal
